// !$*UTF8*$!
{
	archiveVersion = 1;
	classes = {
	};
	objectVersion = 50;
	objects = {

/* Begin PBXBuildFile section */
		3F3CD26921B98320006C8D91 /* DeckViewCell.swift in Sources */ = {isa = PBXBuildFile; fileRef = 3F3CD26821B98320006C8D91 /* DeckViewCell.swift */; };
		3F72E9D1219B663E0007EBD4 /* BeginVC.swift in Sources */ = {isa = PBXBuildFile; fileRef = 3F72E9D0219B663E0007EBD4 /* BeginVC.swift */; };
		3F7377EB20FAC96F00A2437E /* AppDelegate.swift in Sources */ = {isa = PBXBuildFile; fileRef = 3F7377EA20FAC96F00A2437E /* AppDelegate.swift */; };
		3F7377ED20FAC96F00A2437E /* ViewController.swift in Sources */ = {isa = PBXBuildFile; fileRef = 3F7377EC20FAC96F00A2437E /* ViewController.swift */; };
		3F7377F020FAC97000A2437E /* Main.storyboard in Resources */ = {isa = PBXBuildFile; fileRef = 3F7377EE20FAC97000A2437E /* Main.storyboard */; };
		3F7377F220FAC97400A2437E /* Assets.xcassets in Resources */ = {isa = PBXBuildFile; fileRef = 3F7377F120FAC97400A2437E /* Assets.xcassets */; };
		3F7377F520FAC97400A2437E /* LaunchScreen.storyboard in Resources */ = {isa = PBXBuildFile; fileRef = 3F7377F320FAC97400A2437E /* LaunchScreen.storyboard */; };
		3F73780020FAC97400A2437E /* Party_PollTests.swift in Sources */ = {isa = PBXBuildFile; fileRef = 3F7377FF20FAC97400A2437E /* Party_PollTests.swift */; };
		3F73780B20FAC97400A2437E /* Party_PollUITests.swift in Sources */ = {isa = PBXBuildFile; fileRef = 3F73780A20FAC97400A2437E /* Party_PollUITests.swift */; };
		3F77E8BB21B60C1000A0B885 /* LobbyVC.swift in Sources */ = {isa = PBXBuildFile; fileRef = 3F77E8BA21B60C1000A0B885 /* LobbyVC.swift */; };
		3F77E8C321B6510D00A0B885 /* LobbyPlayerStackView.swift in Sources */ = {isa = PBXBuildFile; fileRef = 3F77E8C121B62F4900A0B885 /* LobbyPlayerStackView.swift */; };
		3F8654D721B3B029008BAEF4 /* colorIDs.swift in Sources */ = {isa = PBXBuildFile; fileRef = 3F8654D621B3B029008BAEF4 /* colorIDs.swift */; };
		3FB54B1221C3524E00B381E3 /* DeckScrollView.swift in Sources */ = {isa = PBXBuildFile; fileRef = 3FB54B1121C3524E00B381E3 /* DeckScrollView.swift */; };
		3FF71DF921B35B6E00A23856 /* NameVC.swift in Sources */ = {isa = PBXBuildFile; fileRef = 3FF71DF821B35B6E00A23856 /* NameVC.swift */; };
		3FF71DFB21B3770400A23856 /* GoogleService-Info.plist in Resources */ = {isa = PBXBuildFile; fileRef = 3FF71DFA21B3770400A23856 /* GoogleService-Info.plist */; };
		3FF9CEC7218B832E00D0FAB6 /* EaseFromLeftSegue.swift in Sources */ = {isa = PBXBuildFile; fileRef = 3FF9CEC6218B832E00D0FAB6 /* EaseFromLeftSegue.swift */; };
		3FF9CEC9218B840900D0FAB6 /* EaseFromRightSegue.swift in Sources */ = {isa = PBXBuildFile; fileRef = 3FF9CEC8218B840900D0FAB6 /* EaseFromRightSegue.swift */; };
		3FF9CECF218D313300D0FAB6 /* JoinGameVC.swift in Sources */ = {isa = PBXBuildFile; fileRef = 3FF9CECE218D313300D0FAB6 /* JoinGameVC.swift */; };
		52009DE145B8C92F43EFAF3E /* Pods_Party_Poll.framework in Frameworks */ = {isa = PBXBuildFile; fileRef = 9B24EED859174448E50086B4 /* Pods_Party_Poll.framework */; };
		D28B38CB381EAFFC3AE05376 /* Pods_Party_PollUITests.framework in Frameworks */ = {isa = PBXBuildFile; fileRef = C3AC38B61067D5710660BD90 /* Pods_Party_PollUITests.framework */; };
		E20D61DEF7CBB20CA01A123C /* Pods_Party_PollTests.framework in Frameworks */ = {isa = PBXBuildFile; fileRef = 90185DDF30BA7FCA5B0354CC /* Pods_Party_PollTests.framework */; };
/* End PBXBuildFile section */

/* Begin PBXContainerItemProxy section */
		3F7377FC20FAC97400A2437E /* PBXContainerItemProxy */ = {
			isa = PBXContainerItemProxy;
			containerPortal = 3F7377DF20FAC96F00A2437E /* Project object */;
			proxyType = 1;
			remoteGlobalIDString = 3F7377E620FAC96F00A2437E;
			remoteInfo = "Party Poll";
		};
		3F73780720FAC97400A2437E /* PBXContainerItemProxy */ = {
			isa = PBXContainerItemProxy;
			containerPortal = 3F7377DF20FAC96F00A2437E /* Project object */;
			proxyType = 1;
			remoteGlobalIDString = 3F7377E620FAC96F00A2437E;
			remoteInfo = "Party Poll";
		};
/* End PBXContainerItemProxy section */

/* Begin PBXFileReference section */
		3F3CD26821B98320006C8D91 /* DeckViewCell.swift */ = {isa = PBXFileReference; lastKnownFileType = sourcecode.swift; path = DeckViewCell.swift; sourceTree = "<group>"; };
		3F72E9D0219B663E0007EBD4 /* BeginVC.swift */ = {isa = PBXFileReference; lastKnownFileType = sourcecode.swift; path = BeginVC.swift; sourceTree = "<group>"; };
		3F7377E720FAC96F00A2437E /* Party Poll.app */ = {isa = PBXFileReference; explicitFileType = wrapper.application; includeInIndex = 0; path = "Party Poll.app"; sourceTree = BUILT_PRODUCTS_DIR; };
		3F7377EA20FAC96F00A2437E /* AppDelegate.swift */ = {isa = PBXFileReference; lastKnownFileType = sourcecode.swift; path = AppDelegate.swift; sourceTree = "<group>"; };
		3F7377EC20FAC96F00A2437E /* ViewController.swift */ = {isa = PBXFileReference; lastKnownFileType = sourcecode.swift; path = ViewController.swift; sourceTree = "<group>"; };
		3F7377EF20FAC97000A2437E /* Base */ = {isa = PBXFileReference; lastKnownFileType = file.storyboard; name = Base; path = Base.lproj/Main.storyboard; sourceTree = "<group>"; };
		3F7377F120FAC97400A2437E /* Assets.xcassets */ = {isa = PBXFileReference; lastKnownFileType = folder.assetcatalog; path = Assets.xcassets; sourceTree = "<group>"; };
		3F7377F420FAC97400A2437E /* Base */ = {isa = PBXFileReference; lastKnownFileType = file.storyboard; name = Base; path = Base.lproj/LaunchScreen.storyboard; sourceTree = "<group>"; };
		3F7377F620FAC97400A2437E /* Info.plist */ = {isa = PBXFileReference; lastKnownFileType = text.plist.xml; path = Info.plist; sourceTree = "<group>"; };
		3F7377FB20FAC97400A2437E /* Party PollTests.xctest */ = {isa = PBXFileReference; explicitFileType = wrapper.cfbundle; includeInIndex = 0; path = "Party PollTests.xctest"; sourceTree = BUILT_PRODUCTS_DIR; };
		3F7377FF20FAC97400A2437E /* Party_PollTests.swift */ = {isa = PBXFileReference; lastKnownFileType = sourcecode.swift; path = Party_PollTests.swift; sourceTree = "<group>"; };
		3F73780120FAC97400A2437E /* Info.plist */ = {isa = PBXFileReference; lastKnownFileType = text.plist.xml; path = Info.plist; sourceTree = "<group>"; };
		3F73780620FAC97400A2437E /* Party PollUITests.xctest */ = {isa = PBXFileReference; explicitFileType = wrapper.cfbundle; includeInIndex = 0; path = "Party PollUITests.xctest"; sourceTree = BUILT_PRODUCTS_DIR; };
		3F73780A20FAC97400A2437E /* Party_PollUITests.swift */ = {isa = PBXFileReference; lastKnownFileType = sourcecode.swift; path = Party_PollUITests.swift; sourceTree = "<group>"; };
		3F73780C20FAC97400A2437E /* Info.plist */ = {isa = PBXFileReference; lastKnownFileType = text.plist.xml; path = Info.plist; sourceTree = "<group>"; };
		3F77E8BA21B60C1000A0B885 /* LobbyVC.swift */ = {isa = PBXFileReference; lastKnownFileType = sourcecode.swift; path = LobbyVC.swift; sourceTree = "<group>"; };
		3F77E8C121B62F4900A0B885 /* LobbyPlayerStackView.swift */ = {isa = PBXFileReference; lastKnownFileType = sourcecode.swift; name = LobbyPlayerStackView.swift; path = "Party Poll/Views/LobbyPlayerStackView.swift"; sourceTree = SOURCE_ROOT; usesTabs = 0; };
		3F8654D621B3B029008BAEF4 /* colorIDs.swift */ = {isa = PBXFileReference; lastKnownFileType = sourcecode.swift; name = colorIDs.swift; path = "Party Poll/Classes/colorIDs.swift"; sourceTree = SOURCE_ROOT; };
		3FB54B1121C3524E00B381E3 /* DeckScrollView.swift */ = {isa = PBXFileReference; lastKnownFileType = sourcecode.swift; path = DeckScrollView.swift; sourceTree = "<group>"; };
		3FF71DF821B35B6E00A23856 /* NameVC.swift */ = {isa = PBXFileReference; lastKnownFileType = sourcecode.swift; path = NameVC.swift; sourceTree = "<group>"; };
		3FF71DFA21B3770400A23856 /* GoogleService-Info.plist */ = {isa = PBXFileReference; fileEncoding = 4; lastKnownFileType = text.plist.xml; path = "GoogleService-Info.plist"; sourceTree = "<group>"; };
		3FF9CEC6218B832E00D0FAB6 /* EaseFromLeftSegue.swift */ = {isa = PBXFileReference; lastKnownFileType = sourcecode.swift; path = EaseFromLeftSegue.swift; sourceTree = "<group>"; };
		3FF9CEC8218B840900D0FAB6 /* EaseFromRightSegue.swift */ = {isa = PBXFileReference; lastKnownFileType = sourcecode.swift; path = EaseFromRightSegue.swift; sourceTree = "<group>"; };
		3FF9CECE218D313300D0FAB6 /* JoinGameVC.swift */ = {isa = PBXFileReference; lastKnownFileType = sourcecode.swift; path = JoinGameVC.swift; sourceTree = "<group>"; };
		469A860A9235BBE20DC59C74 /* Pods-Party PollTests.debug.xcconfig */ = {isa = PBXFileReference; includeInIndex = 1; lastKnownFileType = text.xcconfig; name = "Pods-Party PollTests.debug.xcconfig"; path = "Pods/Target Support Files/Pods-Party PollTests/Pods-Party PollTests.debug.xcconfig"; sourceTree = "<group>"; };
		631D50F5D85F06898A27BB1C /* Pods-Party PollUITests.debug.xcconfig */ = {isa = PBXFileReference; includeInIndex = 1; lastKnownFileType = text.xcconfig; name = "Pods-Party PollUITests.debug.xcconfig"; path = "Pods/Target Support Files/Pods-Party PollUITests/Pods-Party PollUITests.debug.xcconfig"; sourceTree = "<group>"; };
		90185DDF30BA7FCA5B0354CC /* Pods_Party_PollTests.framework */ = {isa = PBXFileReference; explicitFileType = wrapper.framework; includeInIndex = 0; path = Pods_Party_PollTests.framework; sourceTree = BUILT_PRODUCTS_DIR; };
		9B24EED859174448E50086B4 /* Pods_Party_Poll.framework */ = {isa = PBXFileReference; explicitFileType = wrapper.framework; includeInIndex = 0; path = Pods_Party_Poll.framework; sourceTree = BUILT_PRODUCTS_DIR; };
		A1AB13E88FA8F39D94DD4AAB /* Pods-Party Poll.release.xcconfig */ = {isa = PBXFileReference; includeInIndex = 1; lastKnownFileType = text.xcconfig; name = "Pods-Party Poll.release.xcconfig"; path = "Pods/Target Support Files/Pods-Party Poll/Pods-Party Poll.release.xcconfig"; sourceTree = "<group>"; };
		ADF384078A89C17B5519E2D9 /* Pods-Party PollTests.release.xcconfig */ = {isa = PBXFileReference; includeInIndex = 1; lastKnownFileType = text.xcconfig; name = "Pods-Party PollTests.release.xcconfig"; path = "Pods/Target Support Files/Pods-Party PollTests/Pods-Party PollTests.release.xcconfig"; sourceTree = "<group>"; };
		B090FE81B0316E8363AFD01A /* Pods-Party Poll.debug.xcconfig */ = {isa = PBXFileReference; includeInIndex = 1; lastKnownFileType = text.xcconfig; name = "Pods-Party Poll.debug.xcconfig"; path = "Pods/Target Support Files/Pods-Party Poll/Pods-Party Poll.debug.xcconfig"; sourceTree = "<group>"; };
		C3AC38B61067D5710660BD90 /* Pods_Party_PollUITests.framework */ = {isa = PBXFileReference; explicitFileType = wrapper.framework; includeInIndex = 0; path = Pods_Party_PollUITests.framework; sourceTree = BUILT_PRODUCTS_DIR; };
		E43D372BCA0ED6DA955EA55D /* Pods-Party PollUITests.release.xcconfig */ = {isa = PBXFileReference; includeInIndex = 1; lastKnownFileType = text.xcconfig; name = "Pods-Party PollUITests.release.xcconfig"; path = "Pods/Target Support Files/Pods-Party PollUITests/Pods-Party PollUITests.release.xcconfig"; sourceTree = "<group>"; };
/* End PBXFileReference section */

/* Begin PBXFrameworksBuildPhase section */
		3F7377E420FAC96F00A2437E /* Frameworks */ = {
			isa = PBXFrameworksBuildPhase;
			buildActionMask = 2147483647;
			files = (
				52009DE145B8C92F43EFAF3E /* Pods_Party_Poll.framework in Frameworks */,
			);
			runOnlyForDeploymentPostprocessing = 0;
		};
		3F7377F820FAC97400A2437E /* Frameworks */ = {
			isa = PBXFrameworksBuildPhase;
			buildActionMask = 2147483647;
			files = (
				E20D61DEF7CBB20CA01A123C /* Pods_Party_PollTests.framework in Frameworks */,
			);
			runOnlyForDeploymentPostprocessing = 0;
		};
		3F73780320FAC97400A2437E /* Frameworks */ = {
			isa = PBXFrameworksBuildPhase;
			buildActionMask = 2147483647;
			files = (
				D28B38CB381EAFFC3AE05376 /* Pods_Party_PollUITests.framework in Frameworks */,
			);
			runOnlyForDeploymentPostprocessing = 0;
		};
/* End PBXFrameworksBuildPhase section */

/* Begin PBXGroup section */
		3F7377DE20FAC96F00A2437E = {
			isa = PBXGroup;
			children = (
				3F7377E920FAC96F00A2437E /* Party Poll */,
				3F7377FE20FAC97400A2437E /* Party PollTests */,
				3F73780920FAC97400A2437E /* Party PollUITests */,
				3F7377E820FAC96F00A2437E /* Products */,
				BB929C910DEAA35D301D6122 /* Pods */,
				67AF0EE9BFE5F0CABFCE096E /* Frameworks */,
			);
			sourceTree = "<group>";
		};
		3F7377E820FAC96F00A2437E /* Products */ = {
			isa = PBXGroup;
			children = (
				3F7377E720FAC96F00A2437E /* Party Poll.app */,
				3F7377FB20FAC97400A2437E /* Party PollTests.xctest */,
				3F73780620FAC97400A2437E /* Party PollUITests.xctest */,
			);
			name = Products;
			sourceTree = "<group>";
		};
		3F7377E920FAC96F00A2437E /* Party Poll */ = {
			isa = PBXGroup;
			children = (
				3F8654D821B44176008BAEF4 /* Classes */,
				3FF9CECD218D311000D0FAB6 /* Views */,
				3FF9CEC5218B82F200D0FAB6 /* Segues */,
				3F7377EA20FAC96F00A2437E /* AppDelegate.swift */,
				3F7377EC20FAC96F00A2437E /* ViewController.swift */,
				3F7377EE20FAC97000A2437E /* Main.storyboard */,
				3F7377F120FAC97400A2437E /* Assets.xcassets */,
				3F7377F320FAC97400A2437E /* LaunchScreen.storyboard */,
				3F7377F620FAC97400A2437E /* Info.plist */,
				3FF71DFA21B3770400A23856 /* GoogleService-Info.plist */,
			);
			path = "Party Poll";
			sourceTree = "<group>";
		};
		3F7377FE20FAC97400A2437E /* Party PollTests */ = {
			isa = PBXGroup;
			children = (
				3F7377FF20FAC97400A2437E /* Party_PollTests.swift */,
				3F73780120FAC97400A2437E /* Info.plist */,
			);
			path = "Party PollTests";
			sourceTree = "<group>";
		};
		3F73780920FAC97400A2437E /* Party PollUITests */ = {
			isa = PBXGroup;
			children = (
				3F73780A20FAC97400A2437E /* Party_PollUITests.swift */,
				3F73780C20FAC97400A2437E /* Info.plist */,
			);
			path = "Party PollUITests";
			sourceTree = "<group>";
		};
		3F8654D821B44176008BAEF4 /* Classes */ = {
			isa = PBXGroup;
			children = (
				3F8654D621B3B029008BAEF4 /* colorIDs.swift */,
			);
			path = Classes;
			sourceTree = "<group>";
		};
		3FF9CEC5218B82F200D0FAB6 /* Segues */ = {
			isa = PBXGroup;
			children = (
				3FF9CEC6218B832E00D0FAB6 /* EaseFromLeftSegue.swift */,
				3FF9CEC8218B840900D0FAB6 /* EaseFromRightSegue.swift */,
			);
			path = Segues;
			sourceTree = "<group>";
		};
		3FF9CECD218D311000D0FAB6 /* Views */ = {
			isa = PBXGroup;
			children = (
				3FF9CECE218D313300D0FAB6 /* JoinGameVC.swift */,
				3F72E9D0219B663E0007EBD4 /* BeginVC.swift */,
				3FF71DF821B35B6E00A23856 /* NameVC.swift */,
				3F77E8BA21B60C1000A0B885 /* LobbyVC.swift */,
				3F77E8C121B62F4900A0B885 /* LobbyPlayerStackView.swift */,
				3F3CD26821B98320006C8D91 /* DeckViewCell.swift */,
				3FB54B1121C3524E00B381E3 /* DeckScrollView.swift */,
			);
			path = Views;
			sourceTree = "<group>";
		};
		67AF0EE9BFE5F0CABFCE096E /* Frameworks */ = {
			isa = PBXGroup;
			children = (
				9B24EED859174448E50086B4 /* Pods_Party_Poll.framework */,
				90185DDF30BA7FCA5B0354CC /* Pods_Party_PollTests.framework */,
				C3AC38B61067D5710660BD90 /* Pods_Party_PollUITests.framework */,
			);
			name = Frameworks;
			sourceTree = "<group>";
		};
		BB929C910DEAA35D301D6122 /* Pods */ = {
			isa = PBXGroup;
			children = (
				B090FE81B0316E8363AFD01A /* Pods-Party Poll.debug.xcconfig */,
				A1AB13E88FA8F39D94DD4AAB /* Pods-Party Poll.release.xcconfig */,
				469A860A9235BBE20DC59C74 /* Pods-Party PollTests.debug.xcconfig */,
				ADF384078A89C17B5519E2D9 /* Pods-Party PollTests.release.xcconfig */,
				631D50F5D85F06898A27BB1C /* Pods-Party PollUITests.debug.xcconfig */,
				E43D372BCA0ED6DA955EA55D /* Pods-Party PollUITests.release.xcconfig */,
			);
			name = Pods;
			sourceTree = "<group>";
		};
/* End PBXGroup section */

/* Begin PBXNativeTarget section */
		3F7377E620FAC96F00A2437E /* Party Poll */ = {
			isa = PBXNativeTarget;
			buildConfigurationList = 3F73780F20FAC97400A2437E /* Build configuration list for PBXNativeTarget "Party Poll" */;
			buildPhases = (
				73D8E323F52C12E7EEE11B2D /* [CP] Check Pods Manifest.lock */,
				3F7377E320FAC96F00A2437E /* Sources */,
				3F7377E420FAC96F00A2437E /* Frameworks */,
				3F7377E520FAC96F00A2437E /* Resources */,
				356A766F829D7A1E981230EC /* [CP] Embed Pods Frameworks */,
			);
			buildRules = (
			);
			dependencies = (
			);
			name = "Party Poll";
			productName = "Party Poll";
			productReference = 3F7377E720FAC96F00A2437E /* Party Poll.app */;
			productType = "com.apple.product-type.application";
		};
		3F7377FA20FAC97400A2437E /* Party PollTests */ = {
			isa = PBXNativeTarget;
			buildConfigurationList = 3F73781220FAC97400A2437E /* Build configuration list for PBXNativeTarget "Party PollTests" */;
			buildPhases = (
				BB86D5E3C836691F800DF869 /* [CP] Check Pods Manifest.lock */,
				3F7377F720FAC97400A2437E /* Sources */,
				3F7377F820FAC97400A2437E /* Frameworks */,
				3F7377F920FAC97400A2437E /* Resources */,
			);
			buildRules = (
			);
			dependencies = (
				3F7377FD20FAC97400A2437E /* PBXTargetDependency */,
			);
			name = "Party PollTests";
			productName = "Party PollTests";
			productReference = 3F7377FB20FAC97400A2437E /* Party PollTests.xctest */;
			productType = "com.apple.product-type.bundle.unit-test";
		};
		3F73780520FAC97400A2437E /* Party PollUITests */ = {
			isa = PBXNativeTarget;
			buildConfigurationList = 3F73781520FAC97400A2437E /* Build configuration list for PBXNativeTarget "Party PollUITests" */;
			buildPhases = (
				4ED1B02C3013C97DDC89538F /* [CP] Check Pods Manifest.lock */,
				3F73780220FAC97400A2437E /* Sources */,
				3F73780320FAC97400A2437E /* Frameworks */,
				3F73780420FAC97400A2437E /* Resources */,
			);
			buildRules = (
			);
			dependencies = (
				3F73780820FAC97400A2437E /* PBXTargetDependency */,
			);
			name = "Party PollUITests";
			productName = "Party PollUITests";
			productReference = 3F73780620FAC97400A2437E /* Party PollUITests.xctest */;
			productType = "com.apple.product-type.bundle.ui-testing";
		};
/* End PBXNativeTarget section */

/* Begin PBXProject section */
		3F7377DF20FAC96F00A2437E /* Project object */ = {
			isa = PBXProject;
			attributes = {
				LastSwiftUpdateCheck = 0940;
				LastUpgradeCheck = 0940;
				ORGANIZATIONNAME = Pumposh/Ethan;
				TargetAttributes = {
					3F7377E620FAC96F00A2437E = {
						CreatedOnToolsVersion = 9.4.1;
						LastSwiftMigration = 1010;
					};
					3F7377FA20FAC97400A2437E = {
						CreatedOnToolsVersion = 9.4.1;
						LastSwiftMigration = 1010;
						TestTargetID = 3F7377E620FAC96F00A2437E;
					};
					3F73780520FAC97400A2437E = {
						CreatedOnToolsVersion = 9.4.1;
						LastSwiftMigration = 1010;
						TestTargetID = 3F7377E620FAC96F00A2437E;
					};
				};
			};
			buildConfigurationList = 3F7377E220FAC96F00A2437E /* Build configuration list for PBXProject "Party Poll" */;
			compatibilityVersion = "Xcode 9.3";
			developmentRegion = en;
			hasScannedForEncodings = 0;
			knownRegions = (
				en,
				Base,
			);
			mainGroup = 3F7377DE20FAC96F00A2437E;
			productRefGroup = 3F7377E820FAC96F00A2437E /* Products */;
			projectDirPath = "";
			projectRoot = "";
			targets = (
				3F7377E620FAC96F00A2437E /* Party Poll */,
				3F7377FA20FAC97400A2437E /* Party PollTests */,
				3F73780520FAC97400A2437E /* Party PollUITests */,
			);
		};
/* End PBXProject section */

/* Begin PBXResourcesBuildPhase section */
		3F7377E520FAC96F00A2437E /* Resources */ = {
			isa = PBXResourcesBuildPhase;
			buildActionMask = 2147483647;
			files = (
				3F7377F520FAC97400A2437E /* LaunchScreen.storyboard in Resources */,
				3FF71DFB21B3770400A23856 /* GoogleService-Info.plist in Resources */,
				3F7377F220FAC97400A2437E /* Assets.xcassets in Resources */,
				3F7377F020FAC97000A2437E /* Main.storyboard in Resources */,
			);
			runOnlyForDeploymentPostprocessing = 0;
		};
		3F7377F920FAC97400A2437E /* Resources */ = {
			isa = PBXResourcesBuildPhase;
			buildActionMask = 2147483647;
			files = (
			);
			runOnlyForDeploymentPostprocessing = 0;
		};
		3F73780420FAC97400A2437E /* Resources */ = {
			isa = PBXResourcesBuildPhase;
			buildActionMask = 2147483647;
			files = (
			);
			runOnlyForDeploymentPostprocessing = 0;
		};
/* End PBXResourcesBuildPhase section */

/* Begin PBXShellScriptBuildPhase section */
		356A766F829D7A1E981230EC /* [CP] Embed Pods Frameworks */ = {
			isa = PBXShellScriptBuildPhase;
			buildActionMask = 2147483647;
			files = (
			);
			inputFileListPaths = (
			);
			inputPaths = (
				"${SRCROOT}/Pods/Target Support Files/Pods-Party Poll/Pods-Party Poll-frameworks.sh",
				"${BUILT_PRODUCTS_DIR}/GoogleUtilities/GoogleUtilities.framework",
				"${BUILT_PRODUCTS_DIR}/leveldb-library/leveldb.framework",
				"${BUILT_PRODUCTS_DIR}/nanopb/nanopb.framework",
			);
			name = "[CP] Embed Pods Frameworks";
			outputFileListPaths = (
			);
			outputPaths = (
				"${TARGET_BUILD_DIR}/${FRAMEWORKS_FOLDER_PATH}/GoogleUtilities.framework",
				"${TARGET_BUILD_DIR}/${FRAMEWORKS_FOLDER_PATH}/leveldb.framework",
				"${TARGET_BUILD_DIR}/${FRAMEWORKS_FOLDER_PATH}/nanopb.framework",
			);
			runOnlyForDeploymentPostprocessing = 0;
			shellPath = /bin/sh;
			shellScript = "\"${SRCROOT}/Pods/Target Support Files/Pods-Party Poll/Pods-Party Poll-frameworks.sh\"\n";
			showEnvVarsInLog = 0;
		};
		4ED1B02C3013C97DDC89538F /* [CP] Check Pods Manifest.lock */ = {
			isa = PBXShellScriptBuildPhase;
			buildActionMask = 2147483647;
			files = (
			);
			inputFileListPaths = (
			);
			inputPaths = (
				"${PODS_PODFILE_DIR_PATH}/Podfile.lock",
				"${PODS_ROOT}/Manifest.lock",
			);
			name = "[CP] Check Pods Manifest.lock";
			outputFileListPaths = (
			);
			outputPaths = (
				"$(DERIVED_FILE_DIR)/Pods-Party PollUITests-checkManifestLockResult.txt",
			);
			runOnlyForDeploymentPostprocessing = 0;
			shellPath = /bin/sh;
			shellScript = "diff \"${PODS_PODFILE_DIR_PATH}/Podfile.lock\" \"${PODS_ROOT}/Manifest.lock\" > /dev/null\nif [ $? != 0 ] ; then\n    # print error to STDERR\n    echo \"error: The sandbox is not in sync with the Podfile.lock. Run 'pod install' or update your CocoaPods installation.\" >&2\n    exit 1\nfi\n# This output is used by Xcode 'outputs' to avoid re-running this script phase.\necho \"SUCCESS\" > \"${SCRIPT_OUTPUT_FILE_0}\"\n";
			showEnvVarsInLog = 0;
		};
		73D8E323F52C12E7EEE11B2D /* [CP] Check Pods Manifest.lock */ = {
			isa = PBXShellScriptBuildPhase;
			buildActionMask = 2147483647;
			files = (
			);
			inputFileListPaths = (
			);
			inputPaths = (
				"${PODS_PODFILE_DIR_PATH}/Podfile.lock",
				"${PODS_ROOT}/Manifest.lock",
			);
			name = "[CP] Check Pods Manifest.lock";
			outputFileListPaths = (
			);
			outputPaths = (
				"$(DERIVED_FILE_DIR)/Pods-Party Poll-checkManifestLockResult.txt",
			);
			runOnlyForDeploymentPostprocessing = 0;
			shellPath = /bin/sh;
			shellScript = "diff \"${PODS_PODFILE_DIR_PATH}/Podfile.lock\" \"${PODS_ROOT}/Manifest.lock\" > /dev/null\nif [ $? != 0 ] ; then\n    # print error to STDERR\n    echo \"error: The sandbox is not in sync with the Podfile.lock. Run 'pod install' or update your CocoaPods installation.\" >&2\n    exit 1\nfi\n# This output is used by Xcode 'outputs' to avoid re-running this script phase.\necho \"SUCCESS\" > \"${SCRIPT_OUTPUT_FILE_0}\"\n";
			showEnvVarsInLog = 0;
		};
		BB86D5E3C836691F800DF869 /* [CP] Check Pods Manifest.lock */ = {
			isa = PBXShellScriptBuildPhase;
			buildActionMask = 2147483647;
			files = (
			);
			inputFileListPaths = (
			);
			inputPaths = (
				"${PODS_PODFILE_DIR_PATH}/Podfile.lock",
				"${PODS_ROOT}/Manifest.lock",
			);
			name = "[CP] Check Pods Manifest.lock";
			outputFileListPaths = (
			);
			outputPaths = (
				"$(DERIVED_FILE_DIR)/Pods-Party PollTests-checkManifestLockResult.txt",
			);
			runOnlyForDeploymentPostprocessing = 0;
			shellPath = /bin/sh;
			shellScript = "diff \"${PODS_PODFILE_DIR_PATH}/Podfile.lock\" \"${PODS_ROOT}/Manifest.lock\" > /dev/null\nif [ $? != 0 ] ; then\n    # print error to STDERR\n    echo \"error: The sandbox is not in sync with the Podfile.lock. Run 'pod install' or update your CocoaPods installation.\" >&2\n    exit 1\nfi\n# This output is used by Xcode 'outputs' to avoid re-running this script phase.\necho \"SUCCESS\" > \"${SCRIPT_OUTPUT_FILE_0}\"\n";
			showEnvVarsInLog = 0;
		};
/* End PBXShellScriptBuildPhase section */

/* Begin PBXSourcesBuildPhase section */
		3F7377E320FAC96F00A2437E /* Sources */ = {
			isa = PBXSourcesBuildPhase;
			buildActionMask = 2147483647;
			files = (
				3FF9CEC9218B840900D0FAB6 /* EaseFromRightSegue.swift in Sources */,
				3FF71DF921B35B6E00A23856 /* NameVC.swift in Sources */,
				3FF9CEC7218B832E00D0FAB6 /* EaseFromLeftSegue.swift in Sources */,
				3F77E8C321B6510D00A0B885 /* LobbyPlayerStackView.swift in Sources */,
				3F72E9D1219B663E0007EBD4 /* BeginVC.swift in Sources */,
				3F7377ED20FAC96F00A2437E /* ViewController.swift in Sources */,
				3F8654D721B3B029008BAEF4 /* colorIDs.swift in Sources */,
				3F7377EB20FAC96F00A2437E /* AppDelegate.swift in Sources */,
				3FB54B1221C3524E00B381E3 /* DeckScrollView.swift in Sources */,
				3FF9CECF218D313300D0FAB6 /* JoinGameVC.swift in Sources */,
				3F77E8BB21B60C1000A0B885 /* LobbyVC.swift in Sources */,
				3F3CD26921B98320006C8D91 /* DeckViewCell.swift in Sources */,
			);
			runOnlyForDeploymentPostprocessing = 0;
		};
		3F7377F720FAC97400A2437E /* Sources */ = {
			isa = PBXSourcesBuildPhase;
			buildActionMask = 2147483647;
			files = (
				3F73780020FAC97400A2437E /* Party_PollTests.swift in Sources */,
			);
			runOnlyForDeploymentPostprocessing = 0;
		};
		3F73780220FAC97400A2437E /* Sources */ = {
			isa = PBXSourcesBuildPhase;
			buildActionMask = 2147483647;
			files = (
				3F73780B20FAC97400A2437E /* Party_PollUITests.swift in Sources */,
			);
			runOnlyForDeploymentPostprocessing = 0;
		};
/* End PBXSourcesBuildPhase section */

/* Begin PBXTargetDependency section */
		3F7377FD20FAC97400A2437E /* PBXTargetDependency */ = {
			isa = PBXTargetDependency;
			target = 3F7377E620FAC96F00A2437E /* Party Poll */;
			targetProxy = 3F7377FC20FAC97400A2437E /* PBXContainerItemProxy */;
		};
		3F73780820FAC97400A2437E /* PBXTargetDependency */ = {
			isa = PBXTargetDependency;
			target = 3F7377E620FAC96F00A2437E /* Party Poll */;
			targetProxy = 3F73780720FAC97400A2437E /* PBXContainerItemProxy */;
		};
/* End PBXTargetDependency section */

/* Begin PBXVariantGroup section */
		3F7377EE20FAC97000A2437E /* Main.storyboard */ = {
			isa = PBXVariantGroup;
			children = (
				3F7377EF20FAC97000A2437E /* Base */,
			);
			name = Main.storyboard;
			sourceTree = "<group>";
		};
		3F7377F320FAC97400A2437E /* LaunchScreen.storyboard */ = {
			isa = PBXVariantGroup;
			children = (
				3F7377F420FAC97400A2437E /* Base */,
			);
			name = LaunchScreen.storyboard;
			sourceTree = "<group>";
		};
/* End PBXVariantGroup section */

/* Begin XCBuildConfiguration section */
		3F73780D20FAC97400A2437E /* Debug */ = {
			isa = XCBuildConfiguration;
			buildSettings = {
				ALWAYS_SEARCH_USER_PATHS = NO;
				CLANG_ANALYZER_NONNULL = YES;
				CLANG_ANALYZER_NUMBER_OBJECT_CONVERSION = YES_AGGRESSIVE;
				CLANG_CXX_LANGUAGE_STANDARD = "gnu++14";
				CLANG_CXX_LIBRARY = "libc++";
				CLANG_ENABLE_MODULES = YES;
				CLANG_ENABLE_OBJC_ARC = YES;
				CLANG_ENABLE_OBJC_WEAK = YES;
				CLANG_WARN_BLOCK_CAPTURE_AUTORELEASING = YES;
				CLANG_WARN_BOOL_CONVERSION = YES;
				CLANG_WARN_COMMA = YES;
				CLANG_WARN_CONSTANT_CONVERSION = YES;
				CLANG_WARN_DEPRECATED_OBJC_IMPLEMENTATIONS = YES;
				CLANG_WARN_DIRECT_OBJC_ISA_USAGE = YES_ERROR;
				CLANG_WARN_DOCUMENTATION_COMMENTS = YES;
				CLANG_WARN_EMPTY_BODY = YES;
				CLANG_WARN_ENUM_CONVERSION = YES;
				CLANG_WARN_INFINITE_RECURSION = YES;
				CLANG_WARN_INT_CONVERSION = YES;
				CLANG_WARN_NON_LITERAL_NULL_CONVERSION = YES;
				CLANG_WARN_OBJC_IMPLICIT_RETAIN_SELF = YES;
				CLANG_WARN_OBJC_LITERAL_CONVERSION = YES;
				CLANG_WARN_OBJC_ROOT_CLASS = YES_ERROR;
				CLANG_WARN_RANGE_LOOP_ANALYSIS = YES;
				CLANG_WARN_STRICT_PROTOTYPES = YES;
				CLANG_WARN_SUSPICIOUS_MOVE = YES;
				CLANG_WARN_UNGUARDED_AVAILABILITY = YES_AGGRESSIVE;
				CLANG_WARN_UNREACHABLE_CODE = YES;
				CLANG_WARN__DUPLICATE_METHOD_MATCH = YES;
				CODE_SIGN_IDENTITY = "iPhone Developer";
				COPY_PHASE_STRIP = NO;
				DEBUG_INFORMATION_FORMAT = dwarf;
				ENABLE_STRICT_OBJC_MSGSEND = YES;
				ENABLE_TESTABILITY = YES;
				GCC_C_LANGUAGE_STANDARD = gnu11;
				GCC_DYNAMIC_NO_PIC = NO;
				GCC_NO_COMMON_BLOCKS = YES;
				GCC_OPTIMIZATION_LEVEL = 0;
				GCC_PREPROCESSOR_DEFINITIONS = (
					"DEBUG=1",
					"$(inherited)",
				);
				GCC_WARN_64_TO_32_BIT_CONVERSION = YES;
				GCC_WARN_ABOUT_RETURN_TYPE = YES_ERROR;
				GCC_WARN_UNDECLARED_SELECTOR = YES;
				GCC_WARN_UNINITIALIZED_AUTOS = YES_AGGRESSIVE;
				GCC_WARN_UNUSED_FUNCTION = YES;
				GCC_WARN_UNUSED_VARIABLE = YES;
				IPHONEOS_DEPLOYMENT_TARGET = 11.4;
				MTL_ENABLE_DEBUG_INFO = YES;
				ONLY_ACTIVE_ARCH = YES;
				SDKROOT = iphoneos;
				SWIFT_ACTIVE_COMPILATION_CONDITIONS = DEBUG;
				SWIFT_OPTIMIZATION_LEVEL = "-Onone";
			};
			name = Debug;
		};
		3F73780E20FAC97400A2437E /* Release */ = {
			isa = XCBuildConfiguration;
			buildSettings = {
				ALWAYS_SEARCH_USER_PATHS = NO;
				CLANG_ANALYZER_NONNULL = YES;
				CLANG_ANALYZER_NUMBER_OBJECT_CONVERSION = YES_AGGRESSIVE;
				CLANG_CXX_LANGUAGE_STANDARD = "gnu++14";
				CLANG_CXX_LIBRARY = "libc++";
				CLANG_ENABLE_MODULES = YES;
				CLANG_ENABLE_OBJC_ARC = YES;
				CLANG_ENABLE_OBJC_WEAK = YES;
				CLANG_WARN_BLOCK_CAPTURE_AUTORELEASING = YES;
				CLANG_WARN_BOOL_CONVERSION = YES;
				CLANG_WARN_COMMA = YES;
				CLANG_WARN_CONSTANT_CONVERSION = YES;
				CLANG_WARN_DEPRECATED_OBJC_IMPLEMENTATIONS = YES;
				CLANG_WARN_DIRECT_OBJC_ISA_USAGE = YES_ERROR;
				CLANG_WARN_DOCUMENTATION_COMMENTS = YES;
				CLANG_WARN_EMPTY_BODY = YES;
				CLANG_WARN_ENUM_CONVERSION = YES;
				CLANG_WARN_INFINITE_RECURSION = YES;
				CLANG_WARN_INT_CONVERSION = YES;
				CLANG_WARN_NON_LITERAL_NULL_CONVERSION = YES;
				CLANG_WARN_OBJC_IMPLICIT_RETAIN_SELF = YES;
				CLANG_WARN_OBJC_LITERAL_CONVERSION = YES;
				CLANG_WARN_OBJC_ROOT_CLASS = YES_ERROR;
				CLANG_WARN_RANGE_LOOP_ANALYSIS = YES;
				CLANG_WARN_STRICT_PROTOTYPES = YES;
				CLANG_WARN_SUSPICIOUS_MOVE = YES;
				CLANG_WARN_UNGUARDED_AVAILABILITY = YES_AGGRESSIVE;
				CLANG_WARN_UNREACHABLE_CODE = YES;
				CLANG_WARN__DUPLICATE_METHOD_MATCH = YES;
				CODE_SIGN_IDENTITY = "iPhone Developer";
				COPY_PHASE_STRIP = NO;
				DEBUG_INFORMATION_FORMAT = "dwarf-with-dsym";
				ENABLE_NS_ASSERTIONS = NO;
				ENABLE_STRICT_OBJC_MSGSEND = YES;
				GCC_C_LANGUAGE_STANDARD = gnu11;
				GCC_NO_COMMON_BLOCKS = YES;
				GCC_WARN_64_TO_32_BIT_CONVERSION = YES;
				GCC_WARN_ABOUT_RETURN_TYPE = YES_ERROR;
				GCC_WARN_UNDECLARED_SELECTOR = YES;
				GCC_WARN_UNINITIALIZED_AUTOS = YES_AGGRESSIVE;
				GCC_WARN_UNUSED_FUNCTION = YES;
				GCC_WARN_UNUSED_VARIABLE = YES;
				IPHONEOS_DEPLOYMENT_TARGET = 11.4;
				MTL_ENABLE_DEBUG_INFO = NO;
				SDKROOT = iphoneos;
				SWIFT_COMPILATION_MODE = wholemodule;
				SWIFT_OPTIMIZATION_LEVEL = "-O";
				VALIDATE_PRODUCT = YES;
			};
			name = Release;
		};
		3F73781020FAC97400A2437E /* Debug */ = {
			isa = XCBuildConfiguration;
			baseConfigurationReference = B090FE81B0316E8363AFD01A /* Pods-Party Poll.debug.xcconfig */;
			buildSettings = {
				ASSETCATALOG_COMPILER_APPICON_NAME = AppIcon;
				CODE_SIGN_STYLE = Automatic;
				INFOPLIST_FILE = "Party Poll/Info.plist";
				LD_RUNPATH_SEARCH_PATHS = (
					"$(inherited)",
					"@executable_path/Frameworks",
				);
				PRODUCT_BUNDLE_IDENTIFIER = "pumposh.Party-Poll";
				PRODUCT_NAME = "$(TARGET_NAME)";
				SWIFT_VERSION = 4.2;
				TARGETED_DEVICE_FAMILY = "1,2";
			};
			name = Debug;
		};
		3F73781120FAC97400A2437E /* Release */ = {
			isa = XCBuildConfiguration;
			baseConfigurationReference = A1AB13E88FA8F39D94DD4AAB /* Pods-Party Poll.release.xcconfig */;
			buildSettings = {
				ASSETCATALOG_COMPILER_APPICON_NAME = AppIcon;
				CODE_SIGN_STYLE = Automatic;
				INFOPLIST_FILE = "Party Poll/Info.plist";
				LD_RUNPATH_SEARCH_PATHS = (
					"$(inherited)",
					"@executable_path/Frameworks",
				);
				PRODUCT_BUNDLE_IDENTIFIER = "pumposh.Party-Poll";
				PRODUCT_NAME = "$(TARGET_NAME)";
				SWIFT_VERSION = 4.2;
				TARGETED_DEVICE_FAMILY = "1,2";
			};
			name = Release;
		};
		3F73781320FAC97400A2437E /* Debug */ = {
			isa = XCBuildConfiguration;
			baseConfigurationReference = 469A860A9235BBE20DC59C74 /* Pods-Party PollTests.debug.xcconfig */;
			buildSettings = {
				ALWAYS_EMBED_SWIFT_STANDARD_LIBRARIES = YES;
				BUNDLE_LOADER = "$(TEST_HOST)";
				CODE_SIGN_STYLE = Automatic;
				INFOPLIST_FILE = "Party PollTests/Info.plist";
				LD_RUNPATH_SEARCH_PATHS = (
					"$(inherited)",
					"@executable_path/Frameworks",
					"@loader_path/Frameworks",
				);
				PRODUCT_BUNDLE_IDENTIFIER = "pumposh.Party-PollTests";
				PRODUCT_NAME = "$(TARGET_NAME)";
				SWIFT_VERSION = 4.2;
				TARGETED_DEVICE_FAMILY = "1,2";
				TEST_HOST = "$(BUILT_PRODUCTS_DIR)/Party Poll.app/Party Poll";
			};
			name = Debug;
		};
		3F73781420FAC97400A2437E /* Release */ = {
			isa = XCBuildConfiguration;
			baseConfigurationReference = ADF384078A89C17B5519E2D9 /* Pods-Party PollTests.release.xcconfig */;
			buildSettings = {
				ALWAYS_EMBED_SWIFT_STANDARD_LIBRARIES = YES;
				BUNDLE_LOADER = "$(TEST_HOST)";
				CODE_SIGN_STYLE = Automatic;
				INFOPLIST_FILE = "Party PollTests/Info.plist";
				LD_RUNPATH_SEARCH_PATHS = (
					"$(inherited)",
					"@executable_path/Frameworks",
					"@loader_path/Frameworks",
				);
				PRODUCT_BUNDLE_IDENTIFIER = "pumposh.Party-PollTests";
				PRODUCT_NAME = "$(TARGET_NAME)";
				SWIFT_VERSION = 4.2;
				TARGETED_DEVICE_FAMILY = "1,2";
				TEST_HOST = "$(BUILT_PRODUCTS_DIR)/Party Poll.app/Party Poll";
			};
			name = Release;
		};
		3F73781620FAC97400A2437E /* Debug */ = {
			isa = XCBuildConfiguration;
			baseConfigurationReference = 631D50F5D85F06898A27BB1C /* Pods-Party PollUITests.debug.xcconfig */;
			buildSettings = {
				ALWAYS_EMBED_SWIFT_STANDARD_LIBRARIES = YES;
				CODE_SIGN_STYLE = Automatic;
				INFOPLIST_FILE = "Party PollUITests/Info.plist";
				LD_RUNPATH_SEARCH_PATHS = (
					"$(inherited)",
					"@executable_path/Frameworks",
					"@loader_path/Frameworks",
				);
				PRODUCT_BUNDLE_IDENTIFIER = "pumposh.Party-PollUITests";
				PRODUCT_NAME = "$(TARGET_NAME)";
				SWIFT_VERSION = 4.2;
				TARGETED_DEVICE_FAMILY = "1,2";
				TEST_TARGET_NAME = "Party Poll";
			};
			name = Debug;
		};
		3F73781720FAC97400A2437E /* Release */ = {
			isa = XCBuildConfiguration;
			baseConfigurationReference = E43D372BCA0ED6DA955EA55D /* Pods-Party PollUITests.release.xcconfig */;
			buildSettings = {
				ALWAYS_EMBED_SWIFT_STANDARD_LIBRARIES = YES;
				CODE_SIGN_STYLE = Automatic;
				INFOPLIST_FILE = "Party PollUITests/Info.plist";
				LD_RUNPATH_SEARCH_PATHS = (
					"$(inherited)",
					"@executable_path/Frameworks",
					"@loader_path/Frameworks",
				);
				PRODUCT_BUNDLE_IDENTIFIER = "pumposh.Party-PollUITests";
				PRODUCT_NAME = "$(TARGET_NAME)";
				SWIFT_VERSION = 4.2;
				TARGETED_DEVICE_FAMILY = "1,2";
				TEST_TARGET_NAME = "Party Poll";
			};
			name = Release;
		};
/* End XCBuildConfiguration section */

/* Begin XCConfigurationList section */
		3F7377E220FAC96F00A2437E /* Build configuration list for PBXProject "Party Poll" */ = {
			isa = XCConfigurationList;
			buildConfigurations = (
				3F73780D20FAC97400A2437E /* Debug */,
				3F73780E20FAC97400A2437E /* Release */,
			);
			defaultConfigurationIsVisible = 0;
			defaultConfigurationName = Release;
		};
		3F73780F20FAC97400A2437E /* Build configuration list for PBXNativeTarget "Party Poll" */ = {
			isa = XCConfigurationList;
			buildConfigurations = (
				3F73781020FAC97400A2437E /* Debug */,
				3F73781120FAC97400A2437E /* Release */,
			);
			defaultConfigurationIsVisible = 0;
			defaultConfigurationName = Release;
		};
		3F73781220FAC97400A2437E /* Build configuration list for PBXNativeTarget "Party PollTests" */ = {
			isa = XCConfigurationList;
			buildConfigurations = (
				3F73781320FAC97400A2437E /* Debug */,
				3F73781420FAC97400A2437E /* Release */,
			);
			defaultConfigurationIsVisible = 0;
			defaultConfigurationName = Release;
		};
		3F73781520FAC97400A2437E /* Build configuration list for PBXNativeTarget "Party PollUITests" */ = {
			isa = XCConfigurationList;
			buildConfigurations = (
				3F73781620FAC97400A2437E /* Debug */,
				3F73781720FAC97400A2437E /* Release */,
			);
			defaultConfigurationIsVisible = 0;
			defaultConfigurationName = Release;
		};
/* End XCConfigurationList section */
	};
	rootObject = 3F7377DF20FAC96F00A2437E /* Project object */;
}
